
Microsoft Visual Studio Solution File, Format Version 12.00
# Visual Studio Version 16
VisualStudioVersion = 16.0.31624.102
MinimumVisualStudioVersion = 10.0.40219.1
Project("{FAE04EC0-301F-11D3-BF4B-00C04F79EFBC}") = "Calculator_vs2", "Calculator_vs2.csproj", "{FF75E960-6CFA-4A8A-8283-4FC8CFEDFCB7}"
EndProject
Global
	GlobalSection(SolutionConfigurationPlatforms) = preSolution
		Debug|Any CPU = Debug|Any CPU
		Release|Any CPU = Release|Any CPU
	EndGlobalSection
	GlobalSection(ProjectConfigurationPlatforms) = postSolution
		{FF75E960-6CFA-4A8A-8283-4FC8CFEDFCB7}.Debug|Any CPU.ActiveCfg = Debug|Any CPU
		{FF75E960-6CFA-4A8A-8283-4FC8CFEDFCB7}.Debug|Any CPU.Build.0 = Debug|Any CPU
		{FF75E960-6CFA-4A8A-8283-4FC8CFEDFCB7}.Release|Any CPU.ActiveCfg = Release|Any CPU
		{FF75E960-6CFA-4A8A-8283-4FC8CFEDFCB7}.Release|Any CPU.Build.0 = Release|Any CPU
	EndGlobalSection
	GlobalSection(SolutionProperties) = preSolution
		HideSolutionNode = FALSE
	EndGlobalSection
	GlobalSection(ExtensibilityGlobals) = postSolution
		SolutionGuid = {808B5B94-2A0F-49C2-AD04-38672A1BD432}
	EndGlobalSection
EndGlobal
